
Microsoft Visual Studio Solution File, Format Version 12.00
# Visual Studio Version 17
VisualStudioVersion = 17.5.002.0
MinimumVisualStudioVersion = 10.0.40219.1
Project("{2150E333-8FDC-42A3-9474-1A3956D46DE8}") = "less_C#", "less_C#", "{DA2BCB7C-FA31-4A76-BE1A-4FBFC49EBC16}"
EndProject
Project("{2150E333-8FDC-42A3-9474-1A3956D46DE8}") = "OOP", "OOP", "{B353E789-1DFA-4A69-8B7C-0E0C864EA7C0}"
EndProject
Project("{9A19103F-16F7-4668-BE54-9A1E7A4F7556}") = "AccessModifiers", "less_C#\OOP\AccessModifiers\AccessModifiers.csproj", "{D8329131-2F32-4428-9834-3A30C126809A}"
EndProject
Project("{9A19103F-16F7-4668-BE54-9A1E7A4F7556}") = "Class", "less_C#\OOP\Class\Class.csproj", "{054E6103-A23F-4F38-B2D4-ED944827B0F0}"
EndProject
Project("{9A19103F-16F7-4668-BE54-9A1E7A4F7556}") = "ConstructorClass", "less_C#\OOP\ConstructorClass\ConstructorClass.csproj", "{4A3873C1-7253-41ED-9B69-9875A8890A6E}"
EndProject
Project("{9A19103F-16F7-4668-BE54-9A1E7A4F7556}") = "KeyWord_This", "less_C#\OOP\KeyWord_This\KeyWord_This.csproj", "{56FAF746-EB54-4C84-BE85-D19512E18A89}"
EndProject
Project("{9A19103F-16F7-4668-BE54-9A1E7A4F7556}") = "Properties", "less_C#\OOP\Properties\Properties.csproj", "{0A89310F-A1A8-4C8A-8493-D218C0095893}"
EndProject
Project("{2150E333-8FDC-42A3-9474-1A3956D46DE8}") = "Tasks", "Tasks", "{8CC70B71-E198-4B65-ABE3-30F9926315CC}"
EndProject
Project("{9A19103F-16F7-4668-BE54-9A1E7A4F7556}") = "arrays", "less_C#\Tasks\arrays\arrays.csproj", "{66B63AF1-FDCE-461F-8273-029A93875FBD}"
EndProject
Project("{9A19103F-16F7-4668-BE54-9A1E7A4F7556}") = "enum", "less_C#\Tasks\enum\enum.csproj", "{88618B5E-C822-4FCB-A66E-E42239CCF726}"
EndProject
Project("{9A19103F-16F7-4668-BE54-9A1E7A4F7556}") = "functions", "less_C#\Tasks\functions\functions.csproj", "{4FFAB057-DDE6-4543-B766-9B51C3DACA82}"
EndProject
Project("{9A19103F-16F7-4668-BE54-9A1E7A4F7556}") = "nullable", "less_C#\Tasks\nullable\nullable.csproj", "{E4BCCE60-23EA-46DD-853B-67CF10B946DE}"
EndProject
Project("{9A19103F-16F7-4668-BE54-9A1E7A4F7556}") = "operation_NUULL", "less_C#\Tasks\operation_NUULL\operation_NUULL.csproj", "{3CBB2E0B-B971-4C83-A7D4-CF1702E96A71}"
EndProject
Project("{2150E333-8FDC-42A3-9474-1A3956D46DE8}") = "keywords", "keywords", "{C37544F9-563E-4BB6-B877-42B80BB77B98}"
EndProject
Project("{9A19103F-16F7-4668-BE54-9A1E7A4F7556}") = "in", "less_C#\Tasks\keywords\in\in.csproj", "{BD81DE3A-09E5-49B8-BC6A-3F967535A43C}"
EndProject
Project("{9A19103F-16F7-4668-BE54-9A1E7A4F7556}") = "out", "less_C#\Tasks\keywords\out\out.csproj", "{18A4CAF9-DF7D-4D77-A3AB-45D5DE180D3D}"
EndProject
Project("{9A19103F-16F7-4668-BE54-9A1E7A4F7556}") = "params", "less_C#\Tasks\keywords\params\params.csproj", "{4AE085F5-77D3-4032-BF21-AF4E4EDB60C4}"
EndProject
Project("{9A19103F-16F7-4668-BE54-9A1E7A4F7556}") = "ref", "less_C#\Tasks\keywords\ref\ref.csproj", "{075D0889-6A64-42E8-B716-5F862A5648F3}"
EndProject
Global
	GlobalSection(SolutionConfigurationPlatforms) = preSolution
		Debug|Any CPU = Debug|Any CPU
		Release|Any CPU = Release|Any CPU
	EndGlobalSection
	GlobalSection(ProjectConfigurationPlatforms) = postSolution
		{D8329131-2F32-4428-9834-3A30C126809A}.Debug|Any CPU.ActiveCfg = Debug|Any CPU
		{D8329131-2F32-4428-9834-3A30C126809A}.Debug|Any CPU.Build.0 = Debug|Any CPU
		{D8329131-2F32-4428-9834-3A30C126809A}.Release|Any CPU.ActiveCfg = Release|Any CPU
		{D8329131-2F32-4428-9834-3A30C126809A}.Release|Any CPU.Build.0 = Release|Any CPU
		{054E6103-A23F-4F38-B2D4-ED944827B0F0}.Debug|Any CPU.ActiveCfg = Debug|Any CPU
		{054E6103-A23F-4F38-B2D4-ED944827B0F0}.Debug|Any CPU.Build.0 = Debug|Any CPU
		{054E6103-A23F-4F38-B2D4-ED944827B0F0}.Release|Any CPU.ActiveCfg = Release|Any CPU
		{054E6103-A23F-4F38-B2D4-ED944827B0F0}.Release|Any CPU.Build.0 = Release|Any CPU
		{4A3873C1-7253-41ED-9B69-9875A8890A6E}.Debug|Any CPU.ActiveCfg = Debug|Any CPU
		{4A3873C1-7253-41ED-9B69-9875A8890A6E}.Debug|Any CPU.Build.0 = Debug|Any CPU
		{4A3873C1-7253-41ED-9B69-9875A8890A6E}.Release|Any CPU.ActiveCfg = Release|Any CPU
		{4A3873C1-7253-41ED-9B69-9875A8890A6E}.Release|Any CPU.Build.0 = Release|Any CPU
		{56FAF746-EB54-4C84-BE85-D19512E18A89}.Debug|Any CPU.ActiveCfg = Debug|Any CPU
		{56FAF746-EB54-4C84-BE85-D19512E18A89}.Debug|Any CPU.Build.0 = Debug|Any CPU
		{56FAF746-EB54-4C84-BE85-D19512E18A89}.Release|Any CPU.ActiveCfg = Release|Any CPU
		{56FAF746-EB54-4C84-BE85-D19512E18A89}.Release|Any CPU.Build.0 = Release|Any CPU
		{0A89310F-A1A8-4C8A-8493-D218C0095893}.Debug|Any CPU.ActiveCfg = Debug|Any CPU
		{0A89310F-A1A8-4C8A-8493-D218C0095893}.Debug|Any CPU.Build.0 = Debug|Any CPU
		{0A89310F-A1A8-4C8A-8493-D218C0095893}.Release|Any CPU.ActiveCfg = Release|Any CPU
		{0A89310F-A1A8-4C8A-8493-D218C0095893}.Release|Any CPU.Build.0 = Release|Any CPU
		{66B63AF1-FDCE-461F-8273-029A93875FBD}.Debug|Any CPU.ActiveCfg = Debug|Any CPU
		{66B63AF1-FDCE-461F-8273-029A93875FBD}.Debug|Any CPU.Build.0 = Debug|Any CPU
		{66B63AF1-FDCE-461F-8273-029A93875FBD}.Release|Any CPU.ActiveCfg = Release|Any CPU
		{66B63AF1-FDCE-461F-8273-029A93875FBD}.Release|Any CPU.Build.0 = Release|Any CPU
		{88618B5E-C822-4FCB-A66E-E42239CCF726}.Debug|Any CPU.ActiveCfg = Debug|Any CPU
		{88618B5E-C822-4FCB-A66E-E42239CCF726}.Debug|Any CPU.Build.0 = Debug|Any CPU
		{88618B5E-C822-4FCB-A66E-E42239CCF726}.Release|Any CPU.ActiveCfg = Release|Any CPU
		{88618B5E-C822-4FCB-A66E-E42239CCF726}.Release|Any CPU.Build.0 = Release|Any CPU
		{4FFAB057-DDE6-4543-B766-9B51C3DACA82}.Debug|Any CPU.ActiveCfg = Debug|Any CPU
		{4FFAB057-DDE6-4543-B766-9B51C3DACA82}.Debug|Any CPU.Build.0 = Debug|Any CPU
		{4FFAB057-DDE6-4543-B766-9B51C3DACA82}.Release|Any CPU.ActiveCfg = Release|Any CPU
		{4FFAB057-DDE6-4543-B766-9B51C3DACA82}.Release|Any CPU.Build.0 = Release|Any CPU
		{E4BCCE60-23EA-46DD-853B-67CF10B946DE}.Debug|Any CPU.ActiveCfg = Debug|Any CPU
		{E4BCCE60-23EA-46DD-853B-67CF10B946DE}.Debug|Any CPU.Build.0 = Debug|Any CPU
		{E4BCCE60-23EA-46DD-853B-67CF10B946DE}.Release|Any CPU.ActiveCfg = Release|Any CPU
		{E4BCCE60-23EA-46DD-853B-67CF10B946DE}.Release|Any CPU.Build.0 = Release|Any CPU
		{3CBB2E0B-B971-4C83-A7D4-CF1702E96A71}.Debug|Any CPU.ActiveCfg = Debug|Any CPU
		{3CBB2E0B-B971-4C83-A7D4-CF1702E96A71}.Debug|Any CPU.Build.0 = Debug|Any CPU
		{3CBB2E0B-B971-4C83-A7D4-CF1702E96A71}.Release|Any CPU.ActiveCfg = Release|Any CPU
		{3CBB2E0B-B971-4C83-A7D4-CF1702E96A71}.Release|Any CPU.Build.0 = Release|Any CPU
		{BD81DE3A-09E5-49B8-BC6A-3F967535A43C}.Debug|Any CPU.ActiveCfg = Debug|Any CPU
		{BD81DE3A-09E5-49B8-BC6A-3F967535A43C}.Debug|Any CPU.Build.0 = Debug|Any CPU
		{BD81DE3A-09E5-49B8-BC6A-3F967535A43C}.Release|Any CPU.ActiveCfg = Release|Any CPU
		{BD81DE3A-09E5-49B8-BC6A-3F967535A43C}.Release|Any CPU.Build.0 = Release|Any CPU
		{18A4CAF9-DF7D-4D77-A3AB-45D5DE180D3D}.Debug|Any CPU.ActiveCfg = Debug|Any CPU
		{18A4CAF9-DF7D-4D77-A3AB-45D5DE180D3D}.Debug|Any CPU.Build.0 = Debug|Any CPU
		{18A4CAF9-DF7D-4D77-A3AB-45D5DE180D3D}.Release|Any CPU.ActiveCfg = Release|Any CPU
		{18A4CAF9-DF7D-4D77-A3AB-45D5DE180D3D}.Release|Any CPU.Build.0 = Release|Any CPU
		{4AE085F5-77D3-4032-BF21-AF4E4EDB60C4}.Debug|Any CPU.ActiveCfg = Debug|Any CPU
		{4AE085F5-77D3-4032-BF21-AF4E4EDB60C4}.Debug|Any CPU.Build.0 = Debug|Any CPU
		{4AE085F5-77D3-4032-BF21-AF4E4EDB60C4}.Release|Any CPU.ActiveCfg = Release|Any CPU
		{4AE085F5-77D3-4032-BF21-AF4E4EDB60C4}.Release|Any CPU.Build.0 = Release|Any CPU
		{075D0889-6A64-42E8-B716-5F862A5648F3}.Debug|Any CPU.ActiveCfg = Debug|Any CPU
		{075D0889-6A64-42E8-B716-5F862A5648F3}.Debug|Any CPU.Build.0 = Debug|Any CPU
		{075D0889-6A64-42E8-B716-5F862A5648F3}.Release|Any CPU.ActiveCfg = Release|Any CPU
		{075D0889-6A64-42E8-B716-5F862A5648F3}.Release|Any CPU.Build.0 = Release|Any CPU
	EndGlobalSection
	GlobalSection(SolutionProperties) = preSolution
		HideSolutionNode = FALSE
	EndGlobalSection
	GlobalSection(NestedProjects) = preSolution
		{B353E789-1DFA-4A69-8B7C-0E0C864EA7C0} = {DA2BCB7C-FA31-4A76-BE1A-4FBFC49EBC16}
		{D8329131-2F32-4428-9834-3A30C126809A} = {B353E789-1DFA-4A69-8B7C-0E0C864EA7C0}
		{054E6103-A23F-4F38-B2D4-ED944827B0F0} = {B353E789-1DFA-4A69-8B7C-0E0C864EA7C0}
		{4A3873C1-7253-41ED-9B69-9875A8890A6E} = {B353E789-1DFA-4A69-8B7C-0E0C864EA7C0}
		{56FAF746-EB54-4C84-BE85-D19512E18A89} = {B353E789-1DFA-4A69-8B7C-0E0C864EA7C0}
		{0A89310F-A1A8-4C8A-8493-D218C0095893} = {B353E789-1DFA-4A69-8B7C-0E0C864EA7C0}
		{8CC70B71-E198-4B65-ABE3-30F9926315CC} = {DA2BCB7C-FA31-4A76-BE1A-4FBFC49EBC16}
		{66B63AF1-FDCE-461F-8273-029A93875FBD} = {8CC70B71-E198-4B65-ABE3-30F9926315CC}
		{88618B5E-C822-4FCB-A66E-E42239CCF726} = {8CC70B71-E198-4B65-ABE3-30F9926315CC}
		{4FFAB057-DDE6-4543-B766-9B51C3DACA82} = {8CC70B71-E198-4B65-ABE3-30F9926315CC}
		{E4BCCE60-23EA-46DD-853B-67CF10B946DE} = {8CC70B71-E198-4B65-ABE3-30F9926315CC}
		{3CBB2E0B-B971-4C83-A7D4-CF1702E96A71} = {8CC70B71-E198-4B65-ABE3-30F9926315CC}
		{C37544F9-563E-4BB6-B877-42B80BB77B98} = {8CC70B71-E198-4B65-ABE3-30F9926315CC}
		{BD81DE3A-09E5-49B8-BC6A-3F967535A43C} = {C37544F9-563E-4BB6-B877-42B80BB77B98}
		{18A4CAF9-DF7D-4D77-A3AB-45D5DE180D3D} = {C37544F9-563E-4BB6-B877-42B80BB77B98}
		{4AE085F5-77D3-4032-BF21-AF4E4EDB60C4} = {C37544F9-563E-4BB6-B877-42B80BB77B98}
		{075D0889-6A64-42E8-B716-5F862A5648F3} = {C37544F9-563E-4BB6-B877-42B80BB77B98}
	EndGlobalSection
	GlobalSection(ExtensibilityGlobals) = postSolution
		SolutionGuid = {4DB36812-B69F-41AE-8087-A4782F39DDFE}
	EndGlobalSection
EndGlobal
